// !$*UTF8*$!
{
	archiveVersion = 1;
	classes = {
	};
	objectVersion = 50;
	objects = {

/* Begin PBXBuildFile section */
		3F3BC0382438AB1D00C9A9F0 /* AppDelegate.swift in Sources */ = {isa = PBXBuildFile; fileRef = 3F3BC0372438AB1D00C9A9F0 /* AppDelegate.swift */; };
		3F3BC03A2438AB1D00C9A9F0 /* SceneDelegate.swift in Sources */ = {isa = PBXBuildFile; fileRef = 3F3BC0392438AB1D00C9A9F0 /* SceneDelegate.swift */; };
		3F3BC03C2438AB1D00C9A9F0 /* SearchViewController.swift in Sources */ = {isa = PBXBuildFile; fileRef = 3F3BC03B2438AB1D00C9A9F0 /* SearchViewController.swift */; };
		3F3BC0412438AB1D00C9A9F0 /* Main.storyboard in Resources */ = {isa = PBXBuildFile; fileRef = 3F3BC03F2438AB1D00C9A9F0 /* Main.storyboard */; };
		3F3BC0432438AB1F00C9A9F0 /* Assets.xcassets in Resources */ = {isa = PBXBuildFile; fileRef = 3F3BC0422438AB1F00C9A9F0 /* Assets.xcassets */; };
		3F3BC0462438AB1F00C9A9F0 /* LaunchScreen.storyboard in Resources */ = {isa = PBXBuildFile; fileRef = 3F3BC0442438AB1F00C9A9F0 /* LaunchScreen.storyboard */; };
		3F3BC0512438AB1F00C9A9F0 /* StockpileTests.swift in Sources */ = {isa = PBXBuildFile; fileRef = 3F3BC0502438AB1F00C9A9F0 /* StockpileTests.swift */; };
		3F3BC05C2438B81800C9A9F0 /* SearchResultsViewController.swift in Sources */ = {isa = PBXBuildFile; fileRef = 3F3BC05B2438B81800C9A9F0 /* SearchResultsViewController.swift */; };
		3F40B946243A14B700FD4348 /* ImageCollectionViewDataSource.swift in Sources */ = {isa = PBXBuildFile; fileRef = 3F40B945243A14B700FD4348 /* ImageCollectionViewDataSource.swift */; };
		3F40B94C243A154300FD4348 /* PhotosCollectionViewController.swift in Sources */ = {isa = PBXBuildFile; fileRef = 3F40B94B243A154300FD4348 /* PhotosCollectionViewController.swift */; };
		3F40B94F243A15C000FD4348 /* CollectionsCollectionViewController.swift in Sources */ = {isa = PBXBuildFile; fileRef = 3F40B94E243A15C000FD4348 /* CollectionsCollectionViewController.swift */; };
		3F40B984243A7AF100FD4348 /* Stockpile.xcdatamodeld in Sources */ = {isa = PBXBuildFile; fileRef = 3F40B982243A7AF100FD4348 /* Stockpile.xcdatamodeld */; };
		3F40B986243A7F2300FD4348 /* ImageDetailViewController.swift in Sources */ = {isa = PBXBuildFile; fileRef = 3F40B985243A7F2300FD4348 /* ImageDetailViewController.swift */; };
		3F40B989243ACE3A00FD4348 /* ImageInfoViewController.swift in Sources */ = {isa = PBXBuildFile; fileRef = 3F40B988243ACE3A00FD4348 /* ImageInfoViewController.swift */; };
		3F40B98B243ACE6300FD4348 /* String+Date.swift in Sources */ = {isa = PBXBuildFile; fileRef = 3F40B98A243ACE6300FD4348 /* String+Date.swift */; };
		3F40B98D243ACED000FD4348 /* UIStackView+Label.swift in Sources */ = {isa = PBXBuildFile; fileRef = 3F40B98C243ACED000FD4348 /* UIStackView+Label.swift */; };
		3F40B98F243AD2C200FD4348 /* DataController.swift in Sources */ = {isa = PBXBuildFile; fileRef = 3F40B98E243AD2C200FD4348 /* DataController.swift */; };
		3F40B991243ADF4B00FD4348 /* NSManagedObjectContext+Entity.swift in Sources */ = {isa = PBXBuildFile; fileRef = 3F40B990243ADF4B00FD4348 /* NSManagedObjectContext+Entity.swift */; };
		3F40B993243ADFF200FD4348 /* UIImage+Cache.swift in Sources */ = {isa = PBXBuildFile; fileRef = 3F40B992243ADFF200FD4348 /* UIImage+Cache.swift */; };
		3F40B995243AE01300FD4348 /* String+URL.swift in Sources */ = {isa = PBXBuildFile; fileRef = 3F40B994243AE01300FD4348 /* String+URL.swift */; };
		3F40B998243AED8700FD4348 /* FavoritesViewController.swift in Sources */ = {isa = PBXBuildFile; fileRef = 3F40B997243AED8700FD4348 /* FavoritesViewController.swift */; };
		3F40B99A243B02B600FD4348 /* NSManagedObject+Favorite.swift in Sources */ = {isa = PBXBuildFile; fileRef = 3F40B999243B02B600FD4348 /* NSManagedObject+Favorite.swift */; };
		3F5D0D862438BB00007DB703 /* Networking.swift in Sources */ = {isa = PBXBuildFile; fileRef = 3F5D0D852438BB00007DB703 /* Networking.swift */; };
		3F5D0D8A2438F84C007DB703 /* SuggestionTableViewController.swift in Sources */ = {isa = PBXBuildFile; fileRef = 3F5D0D892438F84C007DB703 /* SuggestionTableViewController.swift */; };
		3F5D0D8C2438FCD7007DB703 /* UIViewController+ChildController.swift in Sources */ = {isa = PBXBuildFile; fileRef = 3F5D0D8B2438FCD7007DB703 /* UIViewController+ChildController.swift */; };
		3F5D0D8E2439002C007DB703 /* Resource.swift in Sources */ = {isa = PBXBuildFile; fileRef = 3F5D0D8D2439002C007DB703 /* Resource.swift */; };
		3F5D0D9124390FEF007DB703 /* Photos.json in Resources */ = {isa = PBXBuildFile; fileRef = 3F5D0D9024390FEF007DB703 /* Photos.json */; };
		3F5D0D9424391029007DB703 /* Photo.swift in Sources */ = {isa = PBXBuildFile; fileRef = 3F5D0D9324391029007DB703 /* Photo.swift */; };
		3F5D0D9624391613007DB703 /* Data+Decodable.swift in Sources */ = {isa = PBXBuildFile; fileRef = 3F5D0D9524391613007DB703 /* Data+Decodable.swift */; };
		3F5D0D9824392C05007DB703 /* SearchScope.swift in Sources */ = {isa = PBXBuildFile; fileRef = 3F5D0D9724392C05007DB703 /* SearchScope.swift */; };
		3F5D0D9A24393C24007DB703 /* Collections.json in Resources */ = {isa = PBXBuildFile; fileRef = 3F5D0D9924393C24007DB703 /* Collections.json */; };
		3F5D0D9C24396093007DB703 /* ImageCell.swift in Sources */ = {isa = PBXBuildFile; fileRef = 3F5D0D9B24396093007DB703 /* ImageCell.swift */; };
		3F5D0D9E243960AE007DB703 /* SuggestionTableViewCell.swift in Sources */ = {isa = PBXBuildFile; fileRef = 3F5D0D9D243960AE007DB703 /* SuggestionTableViewCell.swift */; };
/* End PBXBuildFile section */

/* Begin PBXContainerItemProxy section */
		3F3BC04D2438AB1F00C9A9F0 /* PBXContainerItemProxy */ = {
			isa = PBXContainerItemProxy;
			containerPortal = 3F3BC02C2438AB1D00C9A9F0 /* Project object */;
			proxyType = 1;
			remoteGlobalIDString = 3F3BC0332438AB1D00C9A9F0;
			remoteInfo = Stockpile;
		};
/* End PBXContainerItemProxy section */

/* Begin PBXFileReference section */
		3F3BC0342438AB1D00C9A9F0 /* Stockpile.app */ = {isa = PBXFileReference; explicitFileType = wrapper.application; includeInIndex = 0; path = Stockpile.app; sourceTree = BUILT_PRODUCTS_DIR; };
		3F3BC0372438AB1D00C9A9F0 /* AppDelegate.swift */ = {isa = PBXFileReference; lastKnownFileType = sourcecode.swift; path = AppDelegate.swift; sourceTree = "<group>"; };
		3F3BC0392438AB1D00C9A9F0 /* SceneDelegate.swift */ = {isa = PBXFileReference; lastKnownFileType = sourcecode.swift; path = SceneDelegate.swift; sourceTree = "<group>"; };
		3F3BC03B2438AB1D00C9A9F0 /* SearchViewController.swift */ = {isa = PBXFileReference; lastKnownFileType = sourcecode.swift; path = SearchViewController.swift; sourceTree = "<group>"; };
		3F3BC0402438AB1D00C9A9F0 /* Base */ = {isa = PBXFileReference; lastKnownFileType = file.storyboard; name = Base; path = Base.lproj/Main.storyboard; sourceTree = "<group>"; };
		3F3BC0422438AB1F00C9A9F0 /* Assets.xcassets */ = {isa = PBXFileReference; lastKnownFileType = folder.assetcatalog; path = Assets.xcassets; sourceTree = "<group>"; };
		3F3BC0452438AB1F00C9A9F0 /* Base */ = {isa = PBXFileReference; lastKnownFileType = file.storyboard; name = Base; path = Base.lproj/LaunchScreen.storyboard; sourceTree = "<group>"; };
		3F3BC0472438AB1F00C9A9F0 /* Info.plist */ = {isa = PBXFileReference; lastKnownFileType = text.plist.xml; path = Info.plist; sourceTree = "<group>"; };
		3F3BC04C2438AB1F00C9A9F0 /* StockpileTests.xctest */ = {isa = PBXFileReference; explicitFileType = wrapper.cfbundle; includeInIndex = 0; path = StockpileTests.xctest; sourceTree = BUILT_PRODUCTS_DIR; };
		3F3BC0502438AB1F00C9A9F0 /* StockpileTests.swift */ = {isa = PBXFileReference; lastKnownFileType = sourcecode.swift; path = StockpileTests.swift; sourceTree = "<group>"; };
		3F3BC0522438AB1F00C9A9F0 /* Info.plist */ = {isa = PBXFileReference; lastKnownFileType = text.plist.xml; path = Info.plist; sourceTree = "<group>"; };
		3F3BC05B2438B81800C9A9F0 /* SearchResultsViewController.swift */ = {isa = PBXFileReference; lastKnownFileType = sourcecode.swift; path = SearchResultsViewController.swift; sourceTree = "<group>"; };
		3F40B945243A14B700FD4348 /* ImageCollectionViewDataSource.swift */ = {isa = PBXFileReference; lastKnownFileType = sourcecode.swift; path = ImageCollectionViewDataSource.swift; sourceTree = "<group>"; };
		3F40B94B243A154300FD4348 /* PhotosCollectionViewController.swift */ = {isa = PBXFileReference; fileEncoding = 4; lastKnownFileType = sourcecode.swift; path = PhotosCollectionViewController.swift; sourceTree = "<group>"; };
		3F40B94E243A15C000FD4348 /* CollectionsCollectionViewController.swift */ = {isa = PBXFileReference; lastKnownFileType = sourcecode.swift; path = CollectionsCollectionViewController.swift; sourceTree = "<group>"; };
		3F40B983243A7AF100FD4348 /* Stockpile.xcdatamodel */ = {isa = PBXFileReference; lastKnownFileType = wrapper.xcdatamodel; path = Stockpile.xcdatamodel; sourceTree = "<group>"; };
		3F40B985243A7F2300FD4348 /* ImageDetailViewController.swift */ = {isa = PBXFileReference; lastKnownFileType = sourcecode.swift; path = ImageDetailViewController.swift; sourceTree = "<group>"; };
		3F40B988243ACE3A00FD4348 /* ImageInfoViewController.swift */ = {isa = PBXFileReference; lastKnownFileType = sourcecode.swift; path = ImageInfoViewController.swift; sourceTree = "<group>"; };
		3F40B98A243ACE6300FD4348 /* String+Date.swift */ = {isa = PBXFileReference; lastKnownFileType = sourcecode.swift; path = "String+Date.swift"; sourceTree = "<group>"; };
		3F40B98C243ACED000FD4348 /* UIStackView+Label.swift */ = {isa = PBXFileReference; lastKnownFileType = sourcecode.swift; path = "UIStackView+Label.swift"; sourceTree = "<group>"; };
		3F40B98E243AD2C200FD4348 /* DataController.swift */ = {isa = PBXFileReference; lastKnownFileType = sourcecode.swift; path = DataController.swift; sourceTree = "<group>"; };
		3F40B990243ADF4B00FD4348 /* NSManagedObjectContext+Entity.swift */ = {isa = PBXFileReference; lastKnownFileType = sourcecode.swift; path = "NSManagedObjectContext+Entity.swift"; sourceTree = "<group>"; };
		3F40B992243ADFF200FD4348 /* UIImage+Cache.swift */ = {isa = PBXFileReference; lastKnownFileType = sourcecode.swift; path = "UIImage+Cache.swift"; sourceTree = "<group>"; };
		3F40B994243AE01300FD4348 /* String+URL.swift */ = {isa = PBXFileReference; lastKnownFileType = sourcecode.swift; path = "String+URL.swift"; sourceTree = "<group>"; };
		3F40B997243AED8700FD4348 /* FavoritesViewController.swift */ = {isa = PBXFileReference; lastKnownFileType = sourcecode.swift; path = FavoritesViewController.swift; sourceTree = "<group>"; };
		3F40B999243B02B600FD4348 /* NSManagedObject+Favorite.swift */ = {isa = PBXFileReference; lastKnownFileType = sourcecode.swift; path = "NSManagedObject+Favorite.swift"; sourceTree = "<group>"; };
		3F5D0D852438BB00007DB703 /* Networking.swift */ = {isa = PBXFileReference; lastKnownFileType = sourcecode.swift; path = Networking.swift; sourceTree = "<group>"; };
		3F5D0D892438F84C007DB703 /* SuggestionTableViewController.swift */ = {isa = PBXFileReference; lastKnownFileType = sourcecode.swift; path = SuggestionTableViewController.swift; sourceTree = "<group>"; };
		3F5D0D8B2438FCD7007DB703 /* UIViewController+ChildController.swift */ = {isa = PBXFileReference; lastKnownFileType = sourcecode.swift; path = "UIViewController+ChildController.swift"; sourceTree = "<group>"; };
		3F5D0D8D2439002C007DB703 /* Resource.swift */ = {isa = PBXFileReference; lastKnownFileType = sourcecode.swift; path = Resource.swift; sourceTree = "<group>"; };
		3F5D0D9024390FEF007DB703 /* Photos.json */ = {isa = PBXFileReference; lastKnownFileType = text.json; path = Photos.json; sourceTree = "<group>"; };
		3F5D0D9324391029007DB703 /* Photo.swift */ = {isa = PBXFileReference; lastKnownFileType = sourcecode.swift; path = Photo.swift; sourceTree = "<group>"; };
		3F5D0D9524391613007DB703 /* Data+Decodable.swift */ = {isa = PBXFileReference; lastKnownFileType = sourcecode.swift; path = "Data+Decodable.swift"; sourceTree = "<group>"; };
		3F5D0D9724392C05007DB703 /* SearchScope.swift */ = {isa = PBXFileReference; lastKnownFileType = sourcecode.swift; path = SearchScope.swift; sourceTree = "<group>"; };
		3F5D0D9924393C24007DB703 /* Collections.json */ = {isa = PBXFileReference; lastKnownFileType = text.json; path = Collections.json; sourceTree = "<group>"; };
		3F5D0D9B24396093007DB703 /* ImageCell.swift */ = {isa = PBXFileReference; lastKnownFileType = sourcecode.swift; path = ImageCell.swift; sourceTree = "<group>"; };
		3F5D0D9D243960AE007DB703 /* SuggestionTableViewCell.swift */ = {isa = PBXFileReference; lastKnownFileType = sourcecode.swift; path = SuggestionTableViewCell.swift; sourceTree = "<group>"; };
/* End PBXFileReference section */

/* Begin PBXFrameworksBuildPhase section */
		3F3BC0312438AB1D00C9A9F0 /* Frameworks */ = {
			isa = PBXFrameworksBuildPhase;
			buildActionMask = 2147483647;
			files = (
			);
			runOnlyForDeploymentPostprocessing = 0;
		};
		3F3BC0492438AB1F00C9A9F0 /* Frameworks */ = {
			isa = PBXFrameworksBuildPhase;
			buildActionMask = 2147483647;
			files = (
			);
			runOnlyForDeploymentPostprocessing = 0;
		};
/* End PBXFrameworksBuildPhase section */

/* Begin PBXGroup section */
		3F3BC02B2438AB1D00C9A9F0 = {
			isa = PBXGroup;
			children = (
				3F3BC0362438AB1D00C9A9F0 /* Stockpile */,
				3F3BC04F2438AB1F00C9A9F0 /* StockpileTests */,
				3F3BC0352438AB1D00C9A9F0 /* Products */,
			);
			sourceTree = "<group>";
		};
		3F3BC0352438AB1D00C9A9F0 /* Products */ = {
			isa = PBXGroup;
			children = (
				3F3BC0342438AB1D00C9A9F0 /* Stockpile.app */,
				3F3BC04C2438AB1F00C9A9F0 /* StockpileTests.xctest */,
			);
			name = Products;
			sourceTree = "<group>";
		};
		3F3BC0362438AB1D00C9A9F0 /* Stockpile */ = {
			isa = PBXGroup;
			children = (
				3F40B981243A7AD700FD4348 /* CoreData */,
				3F40B944243A149000FD4348 /* UI */,
				3F5D0D922439101C007DB703 /* Models */,
				3F5D0D842438BAC1007DB703 /* Networking */,
				3F40B996243AED6700FD4348 /* Favorites */,
				3F40B987243ACE1A00FD4348 /* Info */,
				3F3BC05D2438B82200C9A9F0 /* Search */,
				3F3BC0372438AB1D00C9A9F0 /* AppDelegate.swift */,
				3F3BC0392438AB1D00C9A9F0 /* SceneDelegate.swift */,
				3F3BC03F2438AB1D00C9A9F0 /* Main.storyboard */,
				3F3BC0422438AB1F00C9A9F0 /* Assets.xcassets */,
				3F3BC0442438AB1F00C9A9F0 /* LaunchScreen.storyboard */,
				3F3BC0472438AB1F00C9A9F0 /* Info.plist */,
			);
			path = Stockpile;
			sourceTree = "<group>";
		};
		3F3BC04F2438AB1F00C9A9F0 /* StockpileTests */ = {
			isa = PBXGroup;
			children = (
				3F5D0D8F24390FDD007DB703 /* Data */,
				3F3BC0502438AB1F00C9A9F0 /* StockpileTests.swift */,
				3F3BC0522438AB1F00C9A9F0 /* Info.plist */,
			);
			path = StockpileTests;
			sourceTree = "<group>";
		};
		3F3BC05D2438B82200C9A9F0 /* Search */ = {
			isa = PBXGroup;
			children = (
				3F3BC03B2438AB1D00C9A9F0 /* SearchViewController.swift */,
				3F3BC05B2438B81800C9A9F0 /* SearchResultsViewController.swift */,
				3F40B94D243A154A00FD4348 /* Images */,
				3F5D0D892438F84C007DB703 /* SuggestionTableViewController.swift */,
				3F5D0D9D243960AE007DB703 /* SuggestionTableViewCell.swift */,
				3F5D0D8B2438FCD7007DB703 /* UIViewController+ChildController.swift */,
			);
			path = Search;
			sourceTree = "<group>";
		};
		3F40B944243A149000FD4348 /* UI */ = {
			isa = PBXGroup;
			children = (
				3F40B945243A14B700FD4348 /* ImageCollectionViewDataSource.swift */,
				3F5D0D9B24396093007DB703 /* ImageCell.swift */,
			);
			path = UI;
			sourceTree = "<group>";
		};
		3F40B94D243A154A00FD4348 /* Images */ = {
			isa = PBXGroup;
			children = (
				3F40B94B243A154300FD4348 /* PhotosCollectionViewController.swift */,
				3F40B94E243A15C000FD4348 /* CollectionsCollectionViewController.swift */,
			);
			path = Images;
			sourceTree = "<group>";
		};
		3F40B981243A7AD700FD4348 /* CoreData */ = {
			isa = PBXGroup;
			children = (
				3F40B982243A7AF100FD4348 /* Stockpile.xcdatamodeld */,
				3F40B98E243AD2C200FD4348 /* DataController.swift */,
				3F40B990243ADF4B00FD4348 /* NSManagedObjectContext+Entity.swift */,
				3F40B999243B02B600FD4348 /* NSManagedObject+Favorite.swift */,
			);
			path = CoreData;
			sourceTree = "<group>";
		};
		3F40B987243ACE1A00FD4348 /* Info */ = {
			isa = PBXGroup;
			children = (
				3F40B985243A7F2300FD4348 /* ImageDetailViewController.swift */,
				3F40B988243ACE3A00FD4348 /* ImageInfoViewController.swift */,
				3F40B98A243ACE6300FD4348 /* String+Date.swift */,
				3F40B98C243ACED000FD4348 /* UIStackView+Label.swift */,
			);
			path = Info;
			sourceTree = "<group>";
		};
		3F40B996243AED6700FD4348 /* Favorites */ = {
			isa = PBXGroup;
			children = (
				3F40B997243AED8700FD4348 /* FavoritesViewController.swift */,
			);
			path = Favorites;
			sourceTree = "<group>";
		};
		3F5D0D842438BAC1007DB703 /* Networking */ = {
			isa = PBXGroup;
			children = (
				3F5D0D852438BB00007DB703 /* Networking.swift */,
				3F5D0D8D2439002C007DB703 /* Resource.swift */,
				3F5D0D9524391613007DB703 /* Data+Decodable.swift */,
				3F40B992243ADFF200FD4348 /* UIImage+Cache.swift */,
				3F40B994243AE01300FD4348 /* String+URL.swift */,
			);
			path = Networking;
			sourceTree = "<group>";
		};
		3F5D0D8F24390FDD007DB703 /* Data */ = {
			isa = PBXGroup;
			children = (
				3F5D0D9024390FEF007DB703 /* Photos.json */,
				3F5D0D9924393C24007DB703 /* Collections.json */,
			);
			path = Data;
			sourceTree = "<group>";
		};
		3F5D0D922439101C007DB703 /* Models */ = {
			isa = PBXGroup;
			children = (
				3F5D0D9324391029007DB703 /* Photo.swift */,
				3F5D0D9724392C05007DB703 /* SearchScope.swift */,
			);
			path = Models;
			sourceTree = "<group>";
		};
/* End PBXGroup section */

/* Begin PBXNativeTarget section */
		3F3BC0332438AB1D00C9A9F0 /* Stockpile */ = {
			isa = PBXNativeTarget;
			buildConfigurationList = 3F3BC0552438AB1F00C9A9F0 /* Build configuration list for PBXNativeTarget "Stockpile" */;
			buildPhases = (
				3F3BC0302438AB1D00C9A9F0 /* Sources */,
				3F3BC0312438AB1D00C9A9F0 /* Frameworks */,
				3F3BC0322438AB1D00C9A9F0 /* Resources */,
			);
			buildRules = (
			);
			dependencies = (
			);
			name = Stockpile;
			productName = Stockpile;
			productReference = 3F3BC0342438AB1D00C9A9F0 /* Stockpile.app */;
			productType = "com.apple.product-type.application";
		};
		3F3BC04B2438AB1F00C9A9F0 /* StockpileTests */ = {
			isa = PBXNativeTarget;
			buildConfigurationList = 3F3BC0582438AB1F00C9A9F0 /* Build configuration list for PBXNativeTarget "StockpileTests" */;
			buildPhases = (
				3F3BC0482438AB1F00C9A9F0 /* Sources */,
				3F3BC0492438AB1F00C9A9F0 /* Frameworks */,
				3F3BC04A2438AB1F00C9A9F0 /* Resources */,
			);
			buildRules = (
			);
			dependencies = (
				3F3BC04E2438AB1F00C9A9F0 /* PBXTargetDependency */,
			);
			name = StockpileTests;
			productName = StockpileTests;
			productReference = 3F3BC04C2438AB1F00C9A9F0 /* StockpileTests.xctest */;
			productType = "com.apple.product-type.bundle.unit-test";
		};
/* End PBXNativeTarget section */

/* Begin PBXProject section */
		3F3BC02C2438AB1D00C9A9F0 /* Project object */ = {
			isa = PBXProject;
			attributes = {
				LastSwiftUpdateCheck = 1130;
				LastUpgradeCheck = 1130;
				ORGANIZATIONNAME = ChrisPaine;
				TargetAttributes = {
					3F3BC0332438AB1D00C9A9F0 = {
						CreatedOnToolsVersion = 11.3.1;
					};
					3F3BC04B2438AB1F00C9A9F0 = {
						CreatedOnToolsVersion = 11.3.1;
						TestTargetID = 3F3BC0332438AB1D00C9A9F0;
					};
				};
			};
			buildConfigurationList = 3F3BC02F2438AB1D00C9A9F0 /* Build configuration list for PBXProject "Stockpile" */;
			compatibilityVersion = "Xcode 9.3";
			developmentRegion = en;
			hasScannedForEncodings = 0;
			knownRegions = (
				en,
				Base,
			);
			mainGroup = 3F3BC02B2438AB1D00C9A9F0;
			productRefGroup = 3F3BC0352438AB1D00C9A9F0 /* Products */;
			projectDirPath = "";
			projectRoot = "";
			targets = (
				3F3BC0332438AB1D00C9A9F0 /* Stockpile */,
				3F3BC04B2438AB1F00C9A9F0 /* StockpileTests */,
			);
		};
/* End PBXProject section */

/* Begin PBXResourcesBuildPhase section */
		3F3BC0322438AB1D00C9A9F0 /* Resources */ = {
			isa = PBXResourcesBuildPhase;
			buildActionMask = 2147483647;
			files = (
				3F3BC0462438AB1F00C9A9F0 /* LaunchScreen.storyboard in Resources */,
				3F3BC0432438AB1F00C9A9F0 /* Assets.xcassets in Resources */,
				3F3BC0412438AB1D00C9A9F0 /* Main.storyboard in Resources */,
			);
			runOnlyForDeploymentPostprocessing = 0;
		};
		3F3BC04A2438AB1F00C9A9F0 /* Resources */ = {
			isa = PBXResourcesBuildPhase;
			buildActionMask = 2147483647;
			files = (
				3F5D0D9124390FEF007DB703 /* Photos.json in Resources */,
				3F5D0D9A24393C24007DB703 /* Collections.json in Resources */,
			);
			runOnlyForDeploymentPostprocessing = 0;
		};
/* End PBXResourcesBuildPhase section */

/* Begin PBXSourcesBuildPhase section */
		3F3BC0302438AB1D00C9A9F0 /* Sources */ = {
			isa = PBXSourcesBuildPhase;
			buildActionMask = 2147483647;
			files = (
				3F40B99A243B02B600FD4348 /* NSManagedObject+Favorite.swift in Sources */,
				3F5D0D8E2439002C007DB703 /* Resource.swift in Sources */,
				3F5D0D9C24396093007DB703 /* ImageCell.swift in Sources */,
				3F40B995243AE01300FD4348 /* String+URL.swift in Sources */,
				3F5D0D9E243960AE007DB703 /* SuggestionTableViewCell.swift in Sources */,
				3F3BC03C2438AB1D00C9A9F0 /* SearchViewController.swift in Sources */,
				3F5D0D862438BB00007DB703 /* Networking.swift in Sources */,
				3F5D0D9824392C05007DB703 /* SearchScope.swift in Sources */,
				3F40B989243ACE3A00FD4348 /* ImageInfoViewController.swift in Sources */,
				3F40B991243ADF4B00FD4348 /* NSManagedObjectContext+Entity.swift in Sources */,
				3F40B98B243ACE6300FD4348 /* String+Date.swift in Sources */,
				3F5D0D9424391029007DB703 /* Photo.swift in Sources */,
				3F40B94C243A154300FD4348 /* PhotosCollectionViewController.swift in Sources */,
				3F40B984243A7AF100FD4348 /* Stockpile.xcdatamodeld in Sources */,
				3F40B998243AED8700FD4348 /* FavoritesViewController.swift in Sources */,
				3F5D0D8A2438F84C007DB703 /* SuggestionTableViewController.swift in Sources */,
				3F40B98D243ACED000FD4348 /* UIStackView+Label.swift in Sources */,
				3F3BC05C2438B81800C9A9F0 /* SearchResultsViewController.swift in Sources */,
				3F40B94F243A15C000FD4348 /* CollectionsCollectionViewController.swift in Sources */,
				3F40B946243A14B700FD4348 /* ImageCollectionViewDataSource.swift in Sources */,
				3F5D0D9624391613007DB703 /* Data+Decodable.swift in Sources */,
				3F40B993243ADFF200FD4348 /* UIImage+Cache.swift in Sources */,
				3F3BC0382438AB1D00C9A9F0 /* AppDelegate.swift in Sources */,
				3F3BC03A2438AB1D00C9A9F0 /* SceneDelegate.swift in Sources */,
				3F40B98F243AD2C200FD4348 /* DataController.swift in Sources */,
				3F40B986243A7F2300FD4348 /* ImageDetailViewController.swift in Sources */,
				3F5D0D8C2438FCD7007DB703 /* UIViewController+ChildController.swift in Sources */,
			);
			runOnlyForDeploymentPostprocessing = 0;
		};
		3F3BC0482438AB1F00C9A9F0 /* Sources */ = {
			isa = PBXSourcesBuildPhase;
			buildActionMask = 2147483647;
			files = (
				3F3BC0512438AB1F00C9A9F0 /* StockpileTests.swift in Sources */,
			);
			runOnlyForDeploymentPostprocessing = 0;
		};
/* End PBXSourcesBuildPhase section */

/* Begin PBXTargetDependency section */
		3F3BC04E2438AB1F00C9A9F0 /* PBXTargetDependency */ = {
			isa = PBXTargetDependency;
			target = 3F3BC0332438AB1D00C9A9F0 /* Stockpile */;
			targetProxy = 3F3BC04D2438AB1F00C9A9F0 /* PBXContainerItemProxy */;
		};
/* End PBXTargetDependency section */

/* Begin PBXVariantGroup section */
		3F3BC03F2438AB1D00C9A9F0 /* Main.storyboard */ = {
			isa = PBXVariantGroup;
			children = (
				3F3BC0402438AB1D00C9A9F0 /* Base */,
			);
			name = Main.storyboard;
			sourceTree = "<group>";
		};
		3F3BC0442438AB1F00C9A9F0 /* LaunchScreen.storyboard */ = {
			isa = PBXVariantGroup;
			children = (
				3F3BC0452438AB1F00C9A9F0 /* Base */,
			);
			name = LaunchScreen.storyboard;
			sourceTree = "<group>";
		};
/* End PBXVariantGroup section */

/* Begin XCBuildConfiguration section */
		3F3BC0532438AB1F00C9A9F0 /* Debug */ = {
			isa = XCBuildConfiguration;
			buildSettings = {
				ALWAYS_SEARCH_USER_PATHS = NO;
				CLANG_ANALYZER_NONNULL = YES;
				CLANG_ANALYZER_NUMBER_OBJECT_CONVERSION = YES_AGGRESSIVE;
				CLANG_CXX_LANGUAGE_STANDARD = "gnu++14";
				CLANG_CXX_LIBRARY = "libc++";
				CLANG_ENABLE_MODULES = YES;
				CLANG_ENABLE_OBJC_ARC = YES;
				CLANG_ENABLE_OBJC_WEAK = YES;
				CLANG_WARN_BLOCK_CAPTURE_AUTORELEASING = YES;
				CLANG_WARN_BOOL_CONVERSION = YES;
				CLANG_WARN_COMMA = YES;
				CLANG_WARN_CONSTANT_CONVERSION = YES;
				CLANG_WARN_DEPRECATED_OBJC_IMPLEMENTATIONS = YES;
				CLANG_WARN_DIRECT_OBJC_ISA_USAGE = YES_ERROR;
				CLANG_WARN_DOCUMENTATION_COMMENTS = YES;
				CLANG_WARN_EMPTY_BODY = YES;
				CLANG_WARN_ENUM_CONVERSION = YES;
				CLANG_WARN_INFINITE_RECURSION = YES;
				CLANG_WARN_INT_CONVERSION = YES;
				CLANG_WARN_NON_LITERAL_NULL_CONVERSION = YES;
				CLANG_WARN_OBJC_IMPLICIT_RETAIN_SELF = YES;
				CLANG_WARN_OBJC_LITERAL_CONVERSION = YES;
				CLANG_WARN_OBJC_ROOT_CLASS = YES_ERROR;
				CLANG_WARN_RANGE_LOOP_ANALYSIS = YES;
				CLANG_WARN_STRICT_PROTOTYPES = YES;
				CLANG_WARN_SUSPICIOUS_MOVE = YES;
				CLANG_WARN_UNGUARDED_AVAILABILITY = YES_AGGRESSIVE;
				CLANG_WARN_UNREACHABLE_CODE = YES;
				CLANG_WARN__DUPLICATE_METHOD_MATCH = YES;
				COPY_PHASE_STRIP = NO;
				DEBUG_INFORMATION_FORMAT = dwarf;
				ENABLE_STRICT_OBJC_MSGSEND = YES;
				ENABLE_TESTABILITY = YES;
				GCC_C_LANGUAGE_STANDARD = gnu11;
				GCC_DYNAMIC_NO_PIC = NO;
				GCC_NO_COMMON_BLOCKS = YES;
				GCC_OPTIMIZATION_LEVEL = 0;
				GCC_PREPROCESSOR_DEFINITIONS = (
					"DEBUG=1",
					"$(inherited)",
				);
				GCC_WARN_64_TO_32_BIT_CONVERSION = YES;
				GCC_WARN_ABOUT_RETURN_TYPE = YES_ERROR;
				GCC_WARN_UNDECLARED_SELECTOR = YES;
				GCC_WARN_UNINITIALIZED_AUTOS = YES_AGGRESSIVE;
				GCC_WARN_UNUSED_FUNCTION = YES;
				GCC_WARN_UNUSED_VARIABLE = YES;
				IPHONEOS_DEPLOYMENT_TARGET = 13.2;
				MTL_ENABLE_DEBUG_INFO = INCLUDE_SOURCE;
				MTL_FAST_MATH = YES;
				ONLY_ACTIVE_ARCH = YES;
				SDKROOT = iphoneos;
				SWIFT_ACTIVE_COMPILATION_CONDITIONS = DEBUG;
				SWIFT_OPTIMIZATION_LEVEL = "-Onone";
			};
			name = Debug;
		};
		3F3BC0542438AB1F00C9A9F0 /* Release */ = {
			isa = XCBuildConfiguration;
			buildSettings = {
				ALWAYS_SEARCH_USER_PATHS = NO;
				CLANG_ANALYZER_NONNULL = YES;
				CLANG_ANALYZER_NUMBER_OBJECT_CONVERSION = YES_AGGRESSIVE;
				CLANG_CXX_LANGUAGE_STANDARD = "gnu++14";
				CLANG_CXX_LIBRARY = "libc++";
				CLANG_ENABLE_MODULES = YES;
				CLANG_ENABLE_OBJC_ARC = YES;
				CLANG_ENABLE_OBJC_WEAK = YES;
				CLANG_WARN_BLOCK_CAPTURE_AUTORELEASING = YES;
				CLANG_WARN_BOOL_CONVERSION = YES;
				CLANG_WARN_COMMA = YES;
				CLANG_WARN_CONSTANT_CONVERSION = YES;
				CLANG_WARN_DEPRECATED_OBJC_IMPLEMENTATIONS = YES;
				CLANG_WARN_DIRECT_OBJC_ISA_USAGE = YES_ERROR;
				CLANG_WARN_DOCUMENTATION_COMMENTS = YES;
				CLANG_WARN_EMPTY_BODY = YES;
				CLANG_WARN_ENUM_CONVERSION = YES;
				CLANG_WARN_INFINITE_RECURSION = YES;
				CLANG_WARN_INT_CONVERSION = YES;
				CLANG_WARN_NON_LITERAL_NULL_CONVERSION = YES;
				CLANG_WARN_OBJC_IMPLICIT_RETAIN_SELF = YES;
				CLANG_WARN_OBJC_LITERAL_CONVERSION = YES;
				CLANG_WARN_OBJC_ROOT_CLASS = YES_ERROR;
				CLANG_WARN_RANGE_LOOP_ANALYSIS = YES;
				CLANG_WARN_STRICT_PROTOTYPES = YES;
				CLANG_WARN_SUSPICIOUS_MOVE = YES;
				CLANG_WARN_UNGUARDED_AVAILABILITY = YES_AGGRESSIVE;
				CLANG_WARN_UNREACHABLE_CODE = YES;
				CLANG_WARN__DUPLICATE_METHOD_MATCH = YES;
				COPY_PHASE_STRIP = NO;
				DEBUG_INFORMATION_FORMAT = "dwarf-with-dsym";
				ENABLE_NS_ASSERTIONS = NO;
				ENABLE_STRICT_OBJC_MSGSEND = YES;
				GCC_C_LANGUAGE_STANDARD = gnu11;
				GCC_NO_COMMON_BLOCKS = YES;
				GCC_WARN_64_TO_32_BIT_CONVERSION = YES;
				GCC_WARN_ABOUT_RETURN_TYPE = YES_ERROR;
				GCC_WARN_UNDECLARED_SELECTOR = YES;
				GCC_WARN_UNINITIALIZED_AUTOS = YES_AGGRESSIVE;
				GCC_WARN_UNUSED_FUNCTION = YES;
				GCC_WARN_UNUSED_VARIABLE = YES;
				IPHONEOS_DEPLOYMENT_TARGET = 13.2;
				MTL_ENABLE_DEBUG_INFO = NO;
				MTL_FAST_MATH = YES;
				SDKROOT = iphoneos;
				SWIFT_COMPILATION_MODE = wholemodule;
				SWIFT_OPTIMIZATION_LEVEL = "-O";
				VALIDATE_PRODUCT = YES;
			};
			name = Release;
		};
		3F3BC0562438AB1F00C9A9F0 /* Debug */ = {
			isa = XCBuildConfiguration;
			buildSettings = {
				ASSETCATALOG_COMPILER_APPICON_NAME = AppIcon;
				CODE_SIGN_STYLE = Automatic;
				DEVELOPMENT_TEAM = "";
				INFOPLIST_FILE = Stockpile/Info.plist;
				LD_RUNPATH_SEARCH_PATHS = (
					"$(inherited)",
					"@executable_path/Frameworks",
				);
				PRODUCT_BUNDLE_IDENTIFIER = com.ChrisPaine.Stockpile;
				PRODUCT_NAME = "$(TARGET_NAME)";
				SWIFT_VERSION = 5.0;
				TARGETED_DEVICE_FAMILY = "1,2";
			};
			name = Debug;
		};
		3F3BC0572438AB1F00C9A9F0 /* Release */ = {
			isa = XCBuildConfiguration;
			buildSettings = {
				ASSETCATALOG_COMPILER_APPICON_NAME = AppIcon;
				CODE_SIGN_STYLE = Automatic;
				DEVELOPMENT_TEAM = "";
				INFOPLIST_FILE = Stockpile/Info.plist;
				LD_RUNPATH_SEARCH_PATHS = (
					"$(inherited)",
					"@executable_path/Frameworks",
				);
				PRODUCT_BUNDLE_IDENTIFIER = com.ChrisPaine.Stockpile;
				PRODUCT_NAME = "$(TARGET_NAME)";
				SWIFT_VERSION = 5.0;
				TARGETED_DEVICE_FAMILY = "1,2";
			};
			name = Release;
		};
		3F3BC0592438AB1F00C9A9F0 /* Debug */ = {
			isa = XCBuildConfiguration;
			buildSettings = {
				ALWAYS_EMBED_SWIFT_STANDARD_LIBRARIES = YES;
				BUNDLE_LOADER = "$(TEST_HOST)";
				CODE_SIGN_STYLE = Automatic;
				INFOPLIST_FILE = StockpileTests/Info.plist;
				IPHONEOS_DEPLOYMENT_TARGET = 13.2;
				LD_RUNPATH_SEARCH_PATHS = (
					"$(inherited)",
					"@executable_path/Frameworks",
					"@loader_path/Frameworks",
				);
				PRODUCT_BUNDLE_IDENTIFIER = com.ChrisPaine.StockpileTests;
				PRODUCT_NAME = "$(TARGET_NAME)";
				SWIFT_VERSION = 5.0;
				TARGETED_DEVICE_FAMILY = "1,2";
				TEST_HOST = "$(BUILT_PRODUCTS_DIR)/Stockpile.app/Stockpile";
			};
			name = Debug;
		};
		3F3BC05A2438AB1F00C9A9F0 /* Release */ = {
			isa = XCBuildConfiguration;
			buildSettings = {
				ALWAYS_EMBED_SWIFT_STANDARD_LIBRARIES = YES;
				BUNDLE_LOADER = "$(TEST_HOST)";
				CODE_SIGN_STYLE = Automatic;
				INFOPLIST_FILE = StockpileTests/Info.plist;
				IPHONEOS_DEPLOYMENT_TARGET = 13.2;
				LD_RUNPATH_SEARCH_PATHS = (
					"$(inherited)",
					"@executable_path/Frameworks",
					"@loader_path/Frameworks",
				);
				PRODUCT_BUNDLE_IDENTIFIER = com.ChrisPaine.StockpileTests;
				PRODUCT_NAME = "$(TARGET_NAME)";
				SWIFT_VERSION = 5.0;
				TARGETED_DEVICE_FAMILY = "1,2";
				TEST_HOST = "$(BUILT_PRODUCTS_DIR)/Stockpile.app/Stockpile";
			};
			name = Release;
		};
/* End XCBuildConfiguration section */

/* Begin XCConfigurationList section */
		3F3BC02F2438AB1D00C9A9F0 /* Build configuration list for PBXProject "Stockpile" */ = {
			isa = XCConfigurationList;
			buildConfigurations = (
				3F3BC0532438AB1F00C9A9F0 /* Debug */,
				3F3BC0542438AB1F00C9A9F0 /* Release */,
			);
			defaultConfigurationIsVisible = 0;
			defaultConfigurationName = Release;
		};
		3F3BC0552438AB1F00C9A9F0 /* Build configuration list for PBXNativeTarget "Stockpile" */ = {
			isa = XCConfigurationList;
			buildConfigurations = (
				3F3BC0562438AB1F00C9A9F0 /* Debug */,
				3F3BC0572438AB1F00C9A9F0 /* Release */,
			);
			defaultConfigurationIsVisible = 0;
			defaultConfigurationName = Release;
		};
		3F3BC0582438AB1F00C9A9F0 /* Build configuration list for PBXNativeTarget "StockpileTests" */ = {
			isa = XCConfigurationList;
			buildConfigurations = (
				3F3BC0592438AB1F00C9A9F0 /* Debug */,
				3F3BC05A2438AB1F00C9A9F0 /* Release */,
			);
			defaultConfigurationIsVisible = 0;
			defaultConfigurationName = Release;
		};
/* End XCConfigurationList section */

/* Begin XCVersionGroup section */
		3F40B982243A7AF100FD4348 /* Stockpile.xcdatamodeld */ = {
			isa = XCVersionGroup;
			children = (
				3F40B983243A7AF100FD4348 /* Stockpile.xcdatamodel */,
			);
			currentVersion = 3F40B983243A7AF100FD4348 /* Stockpile.xcdatamodel */;
			path = Stockpile.xcdatamodeld;
			sourceTree = "<group>";
			versionGroupType = wrapper.xcdatamodel;
		};
/* End XCVersionGroup section */
	};
	rootObject = 3F3BC02C2438AB1D00C9A9F0 /* Project object */;
}
